github.com/imfing/hextra v0.7.3 h1:dVGA1NTcWe+FaUMdrawEypPfrrmulq5NoK0we3nC330=
github.com/imfing/hextra v0.7.3/go.mod h1:cEfel3lU/bSx7lTE/+uuR4GJaphyOyiwNR3PTqFTXpI=
github.com/imfing/hextra-starter-template v0.0.0-20240319222300-69df2b095cca h1:KrrVN6zGPy3TlZCe9ZSFH3NWwaOoIlR/6zTvRaZBAhQ=
github.com/imfing/hextra-starter-template v0.0.0-20240319222300-69df2b095cca/go.mod h1:zjMn61fsai/cz2viWRafPOIq8BXNmRVCJFMgRA/SrH4=
